
Microsoft Visual Studio Solution File, Format Version 12.00
# Visual Studio Version 17
VisualStudioVersion = 17.0.31903.59
MinimumVisualStudioVersion = 10.0.40219.1
Project("{2150E333-8FDC-42A3-9474-1A3956D46DE8}") = "src", "src", "{A1B2C3D4-E5F6-47A8-B9C0-D1E2F3A4B5C6}"
EndProject
Project("{2150E333-8FDC-42A3-9474-1A3956D46DE8}") = "modules", "modules", "{CA253913-39DE-BFD0-C9A3-4B7EC6FBDF17}"
EndProject
Project("{FAE04EC0-301F-11D3-BF4B-00C04F79EFBC}") = "SimpleModule.Core", "src\SimpleModule.Core\SimpleModule.Core.csproj", "{F02088CF-5828-5972-256A-53742F806C5A}"
EndProject
Project("{FAE04EC0-301F-11D3-BF4B-00C04F79EFBC}") = "SimpleModule.Generator", "src\SimpleModule.Generator\SimpleModule.Generator.csproj", "{F913A951-CB78-F11B-E020-16F59ACBDDCD}"
EndProject
Project("{FAE04EC0-301F-11D3-BF4B-00C04F79EFBC}") = "SimpleModule.Api", "src\SimpleModule.Api\SimpleModule.Api.csproj", "{A6A98FF2-E075-C18B-5401-DB300EFAA6BA}"
EndProject
Project("{FAE04EC0-301F-11D3-BF4B-00C04F79EFBC}") = "Users", "src\modules\Users\Users\Users.csproj", "{82BD6A0B-BF4B-8C88-8E27-6567505B544B}"
EndProject
Project("{FAE04EC0-301F-11D3-BF4B-00C04F79EFBC}") = "Products", "src\modules\Products\Products\Products.csproj", "{D03817F3-D1C8-3A06-D058-357A4B65E454}"
EndProject
Project("{FAE04EC0-301F-11D3-BF4B-00C04F79EFBC}") = "Orders", "src\modules\Orders\Orders\Orders.csproj", "{80383ABA-689D-A89E-931C-70239E29F52F}"
EndProject
Project("{FAE04EC0-301F-11D3-BF4B-00C04F79EFBC}") = "Users.Contracts", "src\modules\Users\Users.Contracts\Users.Contracts.csproj", "{FF23ED95-BB52-4C25-B971-2EBD84C9CD65}"
EndProject
Project("{FAE04EC0-301F-11D3-BF4B-00C04F79EFBC}") = "Products.Contracts", "src\modules\Products\Products.Contracts\Products.Contracts.csproj", "{B34A0F59-EC3A-405E-AAA1-E6BBACE22BBB}"
EndProject
Project("{FAE04EC0-301F-11D3-BF4B-00C04F79EFBC}") = "Orders.Contracts", "src\modules\Orders\Orders.Contracts\Orders.Contracts.csproj", "{458BA357-033A-436F-B496-F3F8B116DDC6}"
EndProject
Project("{2150E333-8FDC-42A3-9474-1A3956D46DE8}") = "tests", "tests", "{0AB3BF05-4346-4AA6-1389-037BE0695223}"
EndProject
Project("{FAE04EC0-301F-11D3-BF4B-00C04F79EFBC}") = "SimpleModule.Tests.Shared", "tests\SimpleModule.Tests.Shared\SimpleModule.Tests.Shared.csproj", "{1AB2BB44-A645-4D50-9183-2C9622A3FC12}"
EndProject
Project("{FAE04EC0-301F-11D3-BF4B-00C04F79EFBC}") = "SimpleModule.Core.Tests", "tests\SimpleModule.Core.Tests\SimpleModule.Core.Tests.csproj", "{190B602F-8818-49E4-A27A-C2D2CBB1D0D9}"
EndProject
Project("{FAE04EC0-301F-11D3-BF4B-00C04F79EFBC}") = "SimpleModule.Generator.Tests", "tests\SimpleModule.Generator.Tests\SimpleModule.Generator.Tests.csproj", "{07AAF5B1-0BE9-439B-B888-3CE67784F256}"
EndProject
Project("{2150E333-8FDC-42A3-9474-1A3956D46DE8}") = "modules", "modules", "{D7DC9B74-6BC4-2470-2038-1E57C2DCB73B}"
EndProject
Project("{FAE04EC0-301F-11D3-BF4B-00C04F79EFBC}") = "Users.Tests", "tests\modules\Users.Tests\Users.Tests.csproj", "{62317510-7714-4CD3-8405-815418DAC7EE}"
EndProject
Project("{FAE04EC0-301F-11D3-BF4B-00C04F79EFBC}") = "Products.Tests", "tests\modules\Products.Tests\Products.Tests.csproj", "{8A97929D-744B-4035-8CA9-7B07A4563381}"
EndProject
Project("{FAE04EC0-301F-11D3-BF4B-00C04F79EFBC}") = "Orders.Tests", "tests\modules\Orders.Tests\Orders.Tests.csproj", "{3DCF2854-FF96-4D5E-B625-BA120CB35E84}"
EndProject
Global
	GlobalSection(SolutionConfigurationPlatforms) = preSolution
		Debug|Any CPU = Debug|Any CPU
		Debug|x64 = Debug|x64
		Debug|x86 = Debug|x86
		Release|Any CPU = Release|Any CPU
		Release|x64 = Release|x64
		Release|x86 = Release|x86
	EndGlobalSection
	GlobalSection(ProjectConfigurationPlatforms) = postSolution
		{F02088CF-5828-5972-256A-53742F806C5A}.Debug|Any CPU.ActiveCfg = Debug|Any CPU
		{F02088CF-5828-5972-256A-53742F806C5A}.Debug|Any CPU.Build.0 = Debug|Any CPU
		{F02088CF-5828-5972-256A-53742F806C5A}.Debug|x64.ActiveCfg = Debug|Any CPU
		{F02088CF-5828-5972-256A-53742F806C5A}.Debug|x64.Build.0 = Debug|Any CPU
		{F02088CF-5828-5972-256A-53742F806C5A}.Debug|x86.ActiveCfg = Debug|Any CPU
		{F02088CF-5828-5972-256A-53742F806C5A}.Debug|x86.Build.0 = Debug|Any CPU
		{F02088CF-5828-5972-256A-53742F806C5A}.Release|Any CPU.ActiveCfg = Release|Any CPU
		{F02088CF-5828-5972-256A-53742F806C5A}.Release|Any CPU.Build.0 = Release|Any CPU
		{F02088CF-5828-5972-256A-53742F806C5A}.Release|x64.ActiveCfg = Release|Any CPU
		{F02088CF-5828-5972-256A-53742F806C5A}.Release|x64.Build.0 = Release|Any CPU
		{F02088CF-5828-5972-256A-53742F806C5A}.Release|x86.ActiveCfg = Release|Any CPU
		{F02088CF-5828-5972-256A-53742F806C5A}.Release|x86.Build.0 = Release|Any CPU
		{F913A951-CB78-F11B-E020-16F59ACBDDCD}.Debug|Any CPU.ActiveCfg = Debug|Any CPU
		{F913A951-CB78-F11B-E020-16F59ACBDDCD}.Debug|Any CPU.Build.0 = Debug|Any CPU
		{F913A951-CB78-F11B-E020-16F59ACBDDCD}.Debug|x64.ActiveCfg = Debug|Any CPU
		{F913A951-CB78-F11B-E020-16F59ACBDDCD}.Debug|x64.Build.0 = Debug|Any CPU
		{F913A951-CB78-F11B-E020-16F59ACBDDCD}.Debug|x86.ActiveCfg = Debug|Any CPU
		{F913A951-CB78-F11B-E020-16F59ACBDDCD}.Debug|x86.Build.0 = Debug|Any CPU
		{F913A951-CB78-F11B-E020-16F59ACBDDCD}.Release|Any CPU.ActiveCfg = Release|Any CPU
		{F913A951-CB78-F11B-E020-16F59ACBDDCD}.Release|Any CPU.Build.0 = Release|Any CPU
		{F913A951-CB78-F11B-E020-16F59ACBDDCD}.Release|x64.ActiveCfg = Release|Any CPU
		{F913A951-CB78-F11B-E020-16F59ACBDDCD}.Release|x64.Build.0 = Release|Any CPU
		{F913A951-CB78-F11B-E020-16F59ACBDDCD}.Release|x86.ActiveCfg = Release|Any CPU
		{F913A951-CB78-F11B-E020-16F59ACBDDCD}.Release|x86.Build.0 = Release|Any CPU
		{A6A98FF2-E075-C18B-5401-DB300EFAA6BA}.Debug|Any CPU.ActiveCfg = Debug|Any CPU
		{A6A98FF2-E075-C18B-5401-DB300EFAA6BA}.Debug|Any CPU.Build.0 = Debug|Any CPU
		{A6A98FF2-E075-C18B-5401-DB300EFAA6BA}.Debug|x64.ActiveCfg = Debug|Any CPU
		{A6A98FF2-E075-C18B-5401-DB300EFAA6BA}.Debug|x64.Build.0 = Debug|Any CPU
		{A6A98FF2-E075-C18B-5401-DB300EFAA6BA}.Debug|x86.ActiveCfg = Debug|Any CPU
		{A6A98FF2-E075-C18B-5401-DB300EFAA6BA}.Debug|x86.Build.0 = Debug|Any CPU
		{A6A98FF2-E075-C18B-5401-DB300EFAA6BA}.Release|Any CPU.ActiveCfg = Release|Any CPU
		{A6A98FF2-E075-C18B-5401-DB300EFAA6BA}.Release|Any CPU.Build.0 = Release|Any CPU
		{A6A98FF2-E075-C18B-5401-DB300EFAA6BA}.Release|x64.ActiveCfg = Release|Any CPU
		{A6A98FF2-E075-C18B-5401-DB300EFAA6BA}.Release|x64.Build.0 = Release|Any CPU
		{A6A98FF2-E075-C18B-5401-DB300EFAA6BA}.Release|x86.ActiveCfg = Release|Any CPU
		{A6A98FF2-E075-C18B-5401-DB300EFAA6BA}.Release|x86.Build.0 = Release|Any CPU
		{82BD6A0B-BF4B-8C88-8E27-6567505B544B}.Debug|Any CPU.ActiveCfg = Debug|Any CPU
		{82BD6A0B-BF4B-8C88-8E27-6567505B544B}.Debug|Any CPU.Build.0 = Debug|Any CPU
		{82BD6A0B-BF4B-8C88-8E27-6567505B544B}.Debug|x64.ActiveCfg = Debug|Any CPU
		{82BD6A0B-BF4B-8C88-8E27-6567505B544B}.Debug|x64.Build.0 = Debug|Any CPU
		{82BD6A0B-BF4B-8C88-8E27-6567505B544B}.Debug|x86.ActiveCfg = Debug|Any CPU
		{82BD6A0B-BF4B-8C88-8E27-6567505B544B}.Debug|x86.Build.0 = Debug|Any CPU
		{82BD6A0B-BF4B-8C88-8E27-6567505B544B}.Release|Any CPU.ActiveCfg = Release|Any CPU
		{82BD6A0B-BF4B-8C88-8E27-6567505B544B}.Release|Any CPU.Build.0 = Release|Any CPU
		{82BD6A0B-BF4B-8C88-8E27-6567505B544B}.Release|x64.ActiveCfg = Release|Any CPU
		{82BD6A0B-BF4B-8C88-8E27-6567505B544B}.Release|x64.Build.0 = Release|Any CPU
		{82BD6A0B-BF4B-8C88-8E27-6567505B544B}.Release|x86.ActiveCfg = Release|Any CPU
		{82BD6A0B-BF4B-8C88-8E27-6567505B544B}.Release|x86.Build.0 = Release|Any CPU
		{D03817F3-D1C8-3A06-D058-357A4B65E454}.Debug|Any CPU.ActiveCfg = Debug|Any CPU
		{D03817F3-D1C8-3A06-D058-357A4B65E454}.Debug|Any CPU.Build.0 = Debug|Any CPU
		{D03817F3-D1C8-3A06-D058-357A4B65E454}.Debug|x64.ActiveCfg = Debug|Any CPU
		{D03817F3-D1C8-3A06-D058-357A4B65E454}.Debug|x64.Build.0 = Debug|Any CPU
		{D03817F3-D1C8-3A06-D058-357A4B65E454}.Debug|x86.ActiveCfg = Debug|Any CPU
		{D03817F3-D1C8-3A06-D058-357A4B65E454}.Debug|x86.Build.0 = Debug|Any CPU
		{D03817F3-D1C8-3A06-D058-357A4B65E454}.Release|Any CPU.ActiveCfg = Release|Any CPU
		{D03817F3-D1C8-3A06-D058-357A4B65E454}.Release|Any CPU.Build.0 = Release|Any CPU
		{D03817F3-D1C8-3A06-D058-357A4B65E454}.Release|x64.ActiveCfg = Release|Any CPU
		{D03817F3-D1C8-3A06-D058-357A4B65E454}.Release|x64.Build.0 = Release|Any CPU
		{D03817F3-D1C8-3A06-D058-357A4B65E454}.Release|x86.ActiveCfg = Release|Any CPU
		{D03817F3-D1C8-3A06-D058-357A4B65E454}.Release|x86.Build.0 = Release|Any CPU
		{80383ABA-689D-A89E-931C-70239E29F52F}.Debug|Any CPU.ActiveCfg = Debug|Any CPU
		{80383ABA-689D-A89E-931C-70239E29F52F}.Debug|Any CPU.Build.0 = Debug|Any CPU
		{80383ABA-689D-A89E-931C-70239E29F52F}.Debug|x64.ActiveCfg = Debug|Any CPU
		{80383ABA-689D-A89E-931C-70239E29F52F}.Debug|x64.Build.0 = Debug|Any CPU
		{80383ABA-689D-A89E-931C-70239E29F52F}.Debug|x86.ActiveCfg = Debug|Any CPU
		{80383ABA-689D-A89E-931C-70239E29F52F}.Debug|x86.Build.0 = Debug|Any CPU
		{80383ABA-689D-A89E-931C-70239E29F52F}.Release|Any CPU.ActiveCfg = Release|Any CPU
		{80383ABA-689D-A89E-931C-70239E29F52F}.Release|Any CPU.Build.0 = Release|Any CPU
		{80383ABA-689D-A89E-931C-70239E29F52F}.Release|x64.ActiveCfg = Release|Any CPU
		{80383ABA-689D-A89E-931C-70239E29F52F}.Release|x64.Build.0 = Release|Any CPU
		{80383ABA-689D-A89E-931C-70239E29F52F}.Release|x86.ActiveCfg = Release|Any CPU
		{80383ABA-689D-A89E-931C-70239E29F52F}.Release|x86.Build.0 = Release|Any CPU
		{FF23ED95-BB52-4C25-B971-2EBD84C9CD65}.Debug|Any CPU.ActiveCfg = Debug|Any CPU
		{FF23ED95-BB52-4C25-B971-2EBD84C9CD65}.Debug|Any CPU.Build.0 = Debug|Any CPU
		{FF23ED95-BB52-4C25-B971-2EBD84C9CD65}.Debug|x64.ActiveCfg = Debug|Any CPU
		{FF23ED95-BB52-4C25-B971-2EBD84C9CD65}.Debug|x64.Build.0 = Debug|Any CPU
		{FF23ED95-BB52-4C25-B971-2EBD84C9CD65}.Debug|x86.ActiveCfg = Debug|Any CPU
		{FF23ED95-BB52-4C25-B971-2EBD84C9CD65}.Debug|x86.Build.0 = Debug|Any CPU
		{FF23ED95-BB52-4C25-B971-2EBD84C9CD65}.Release|Any CPU.ActiveCfg = Release|Any CPU
		{FF23ED95-BB52-4C25-B971-2EBD84C9CD65}.Release|Any CPU.Build.0 = Release|Any CPU
		{FF23ED95-BB52-4C25-B971-2EBD84C9CD65}.Release|x64.ActiveCfg = Release|Any CPU
		{FF23ED95-BB52-4C25-B971-2EBD84C9CD65}.Release|x64.Build.0 = Release|Any CPU
		{FF23ED95-BB52-4C25-B971-2EBD84C9CD65}.Release|x86.ActiveCfg = Release|Any CPU
		{FF23ED95-BB52-4C25-B971-2EBD84C9CD65}.Release|x86.Build.0 = Release|Any CPU
		{B34A0F59-EC3A-405E-AAA1-E6BBACE22BBB}.Debug|Any CPU.ActiveCfg = Debug|Any CPU
		{B34A0F59-EC3A-405E-AAA1-E6BBACE22BBB}.Debug|Any CPU.Build.0 = Debug|Any CPU
		{B34A0F59-EC3A-405E-AAA1-E6BBACE22BBB}.Debug|x64.ActiveCfg = Debug|Any CPU
		{B34A0F59-EC3A-405E-AAA1-E6BBACE22BBB}.Debug|x64.Build.0 = Debug|Any CPU
		{B34A0F59-EC3A-405E-AAA1-E6BBACE22BBB}.Debug|x86.ActiveCfg = Debug|Any CPU
		{B34A0F59-EC3A-405E-AAA1-E6BBACE22BBB}.Debug|x86.Build.0 = Debug|Any CPU
		{B34A0F59-EC3A-405E-AAA1-E6BBACE22BBB}.Release|Any CPU.ActiveCfg = Release|Any CPU
		{B34A0F59-EC3A-405E-AAA1-E6BBACE22BBB}.Release|Any CPU.Build.0 = Release|Any CPU
		{B34A0F59-EC3A-405E-AAA1-E6BBACE22BBB}.Release|x64.ActiveCfg = Release|Any CPU
		{B34A0F59-EC3A-405E-AAA1-E6BBACE22BBB}.Release|x64.Build.0 = Release|Any CPU
		{B34A0F59-EC3A-405E-AAA1-E6BBACE22BBB}.Release|x86.ActiveCfg = Release|Any CPU
		{B34A0F59-EC3A-405E-AAA1-E6BBACE22BBB}.Release|x86.Build.0 = Release|Any CPU
		{458BA357-033A-436F-B496-F3F8B116DDC6}.Debug|Any CPU.ActiveCfg = Debug|Any CPU
		{458BA357-033A-436F-B496-F3F8B116DDC6}.Debug|Any CPU.Build.0 = Debug|Any CPU
		{458BA357-033A-436F-B496-F3F8B116DDC6}.Debug|x64.ActiveCfg = Debug|Any CPU
		{458BA357-033A-436F-B496-F3F8B116DDC6}.Debug|x64.Build.0 = Debug|Any CPU
		{458BA357-033A-436F-B496-F3F8B116DDC6}.Debug|x86.ActiveCfg = Debug|Any CPU
		{458BA357-033A-436F-B496-F3F8B116DDC6}.Debug|x86.Build.0 = Debug|Any CPU
		{458BA357-033A-436F-B496-F3F8B116DDC6}.Release|Any CPU.ActiveCfg = Release|Any CPU
		{458BA357-033A-436F-B496-F3F8B116DDC6}.Release|Any CPU.Build.0 = Release|Any CPU
		{458BA357-033A-436F-B496-F3F8B116DDC6}.Release|x64.ActiveCfg = Release|Any CPU
		{458BA357-033A-436F-B496-F3F8B116DDC6}.Release|x64.Build.0 = Release|Any CPU
		{458BA357-033A-436F-B496-F3F8B116DDC6}.Release|x86.ActiveCfg = Release|Any CPU
		{458BA357-033A-436F-B496-F3F8B116DDC6}.Release|x86.Build.0 = Release|Any CPU
		{1AB2BB44-A645-4D50-9183-2C9622A3FC12}.Debug|Any CPU.ActiveCfg = Debug|Any CPU
		{1AB2BB44-A645-4D50-9183-2C9622A3FC12}.Debug|Any CPU.Build.0 = Debug|Any CPU
		{1AB2BB44-A645-4D50-9183-2C9622A3FC12}.Debug|x64.ActiveCfg = Debug|Any CPU
		{1AB2BB44-A645-4D50-9183-2C9622A3FC12}.Debug|x64.Build.0 = Debug|Any CPU
		{1AB2BB44-A645-4D50-9183-2C9622A3FC12}.Debug|x86.ActiveCfg = Debug|Any CPU
		{1AB2BB44-A645-4D50-9183-2C9622A3FC12}.Debug|x86.Build.0 = Debug|Any CPU
		{1AB2BB44-A645-4D50-9183-2C9622A3FC12}.Release|Any CPU.ActiveCfg = Release|Any CPU
		{1AB2BB44-A645-4D50-9183-2C9622A3FC12}.Release|Any CPU.Build.0 = Release|Any CPU
		{1AB2BB44-A645-4D50-9183-2C9622A3FC12}.Release|x64.ActiveCfg = Release|Any CPU
		{1AB2BB44-A645-4D50-9183-2C9622A3FC12}.Release|x64.Build.0 = Release|Any CPU
		{1AB2BB44-A645-4D50-9183-2C9622A3FC12}.Release|x86.ActiveCfg = Release|Any CPU
		{1AB2BB44-A645-4D50-9183-2C9622A3FC12}.Release|x86.Build.0 = Release|Any CPU
		{190B602F-8818-49E4-A27A-C2D2CBB1D0D9}.Debug|Any CPU.ActiveCfg = Debug|Any CPU
		{190B602F-8818-49E4-A27A-C2D2CBB1D0D9}.Debug|Any CPU.Build.0 = Debug|Any CPU
		{190B602F-8818-49E4-A27A-C2D2CBB1D0D9}.Debug|x64.ActiveCfg = Debug|Any CPU
		{190B602F-8818-49E4-A27A-C2D2CBB1D0D9}.Debug|x64.Build.0 = Debug|Any CPU
		{190B602F-8818-49E4-A27A-C2D2CBB1D0D9}.Debug|x86.ActiveCfg = Debug|Any CPU
		{190B602F-8818-49E4-A27A-C2D2CBB1D0D9}.Debug|x86.Build.0 = Debug|Any CPU
		{190B602F-8818-49E4-A27A-C2D2CBB1D0D9}.Release|Any CPU.ActiveCfg = Release|Any CPU
		{190B602F-8818-49E4-A27A-C2D2CBB1D0D9}.Release|Any CPU.Build.0 = Release|Any CPU
		{190B602F-8818-49E4-A27A-C2D2CBB1D0D9}.Release|x64.ActiveCfg = Release|Any CPU
		{190B602F-8818-49E4-A27A-C2D2CBB1D0D9}.Release|x64.Build.0 = Release|Any CPU
		{190B602F-8818-49E4-A27A-C2D2CBB1D0D9}.Release|x86.ActiveCfg = Release|Any CPU
		{190B602F-8818-49E4-A27A-C2D2CBB1D0D9}.Release|x86.Build.0 = Release|Any CPU
		{07AAF5B1-0BE9-439B-B888-3CE67784F256}.Debug|Any CPU.ActiveCfg = Debug|Any CPU
		{07AAF5B1-0BE9-439B-B888-3CE67784F256}.Debug|Any CPU.Build.0 = Debug|Any CPU
		{07AAF5B1-0BE9-439B-B888-3CE67784F256}.Debug|x64.ActiveCfg = Debug|Any CPU
		{07AAF5B1-0BE9-439B-B888-3CE67784F256}.Debug|x64.Build.0 = Debug|Any CPU
		{07AAF5B1-0BE9-439B-B888-3CE67784F256}.Debug|x86.ActiveCfg = Debug|Any CPU
		{07AAF5B1-0BE9-439B-B888-3CE67784F256}.Debug|x86.Build.0 = Debug|Any CPU
		{07AAF5B1-0BE9-439B-B888-3CE67784F256}.Release|Any CPU.ActiveCfg = Release|Any CPU
		{07AAF5B1-0BE9-439B-B888-3CE67784F256}.Release|Any CPU.Build.0 = Release|Any CPU
		{07AAF5B1-0BE9-439B-B888-3CE67784F256}.Release|x64.ActiveCfg = Release|Any CPU
		{07AAF5B1-0BE9-439B-B888-3CE67784F256}.Release|x64.Build.0 = Release|Any CPU
		{07AAF5B1-0BE9-439B-B888-3CE67784F256}.Release|x86.ActiveCfg = Release|Any CPU
		{07AAF5B1-0BE9-439B-B888-3CE67784F256}.Release|x86.Build.0 = Release|Any CPU
		{62317510-7714-4CD3-8405-815418DAC7EE}.Debug|Any CPU.ActiveCfg = Debug|Any CPU
		{62317510-7714-4CD3-8405-815418DAC7EE}.Debug|Any CPU.Build.0 = Debug|Any CPU
		{62317510-7714-4CD3-8405-815418DAC7EE}.Debug|x64.ActiveCfg = Debug|Any CPU
		{62317510-7714-4CD3-8405-815418DAC7EE}.Debug|x64.Build.0 = Debug|Any CPU
		{62317510-7714-4CD3-8405-815418DAC7EE}.Debug|x86.ActiveCfg = Debug|Any CPU
		{62317510-7714-4CD3-8405-815418DAC7EE}.Debug|x86.Build.0 = Debug|Any CPU
		{62317510-7714-4CD3-8405-815418DAC7EE}.Release|Any CPU.ActiveCfg = Release|Any CPU
		{62317510-7714-4CD3-8405-815418DAC7EE}.Release|Any CPU.Build.0 = Release|Any CPU
		{62317510-7714-4CD3-8405-815418DAC7EE}.Release|x64.ActiveCfg = Release|Any CPU
		{62317510-7714-4CD3-8405-815418DAC7EE}.Release|x64.Build.0 = Release|Any CPU
		{62317510-7714-4CD3-8405-815418DAC7EE}.Release|x86.ActiveCfg = Release|Any CPU
		{62317510-7714-4CD3-8405-815418DAC7EE}.Release|x86.Build.0 = Release|Any CPU
		{8A97929D-744B-4035-8CA9-7B07A4563381}.Debug|Any CPU.ActiveCfg = Debug|Any CPU
		{8A97929D-744B-4035-8CA9-7B07A4563381}.Debug|Any CPU.Build.0 = Debug|Any CPU
		{8A97929D-744B-4035-8CA9-7B07A4563381}.Debug|x64.ActiveCfg = Debug|Any CPU
		{8A97929D-744B-4035-8CA9-7B07A4563381}.Debug|x64.Build.0 = Debug|Any CPU
		{8A97929D-744B-4035-8CA9-7B07A4563381}.Debug|x86.ActiveCfg = Debug|Any CPU
		{8A97929D-744B-4035-8CA9-7B07A4563381}.Debug|x86.Build.0 = Debug|Any CPU
		{8A97929D-744B-4035-8CA9-7B07A4563381}.Release|Any CPU.ActiveCfg = Release|Any CPU
		{8A97929D-744B-4035-8CA9-7B07A4563381}.Release|Any CPU.Build.0 = Release|Any CPU
		{8A97929D-744B-4035-8CA9-7B07A4563381}.Release|x64.ActiveCfg = Release|Any CPU
		{8A97929D-744B-4035-8CA9-7B07A4563381}.Release|x64.Build.0 = Release|Any CPU
		{8A97929D-744B-4035-8CA9-7B07A4563381}.Release|x86.ActiveCfg = Release|Any CPU
		{8A97929D-744B-4035-8CA9-7B07A4563381}.Release|x86.Build.0 = Release|Any CPU
		{3DCF2854-FF96-4D5E-B625-BA120CB35E84}.Debug|Any CPU.ActiveCfg = Debug|Any CPU
		{3DCF2854-FF96-4D5E-B625-BA120CB35E84}.Debug|Any CPU.Build.0 = Debug|Any CPU
		{3DCF2854-FF96-4D5E-B625-BA120CB35E84}.Debug|x64.ActiveCfg = Debug|Any CPU
		{3DCF2854-FF96-4D5E-B625-BA120CB35E84}.Debug|x64.Build.0 = Debug|Any CPU
		{3DCF2854-FF96-4D5E-B625-BA120CB35E84}.Debug|x86.ActiveCfg = Debug|Any CPU
		{3DCF2854-FF96-4D5E-B625-BA120CB35E84}.Debug|x86.Build.0 = Debug|Any CPU
		{3DCF2854-FF96-4D5E-B625-BA120CB35E84}.Release|Any CPU.ActiveCfg = Release|Any CPU
		{3DCF2854-FF96-4D5E-B625-BA120CB35E84}.Release|Any CPU.Build.0 = Release|Any CPU
		{3DCF2854-FF96-4D5E-B625-BA120CB35E84}.Release|x64.ActiveCfg = Release|Any CPU
		{3DCF2854-FF96-4D5E-B625-BA120CB35E84}.Release|x64.Build.0 = Release|Any CPU
		{3DCF2854-FF96-4D5E-B625-BA120CB35E84}.Release|x86.ActiveCfg = Release|Any CPU
		{3DCF2854-FF96-4D5E-B625-BA120CB35E84}.Release|x86.Build.0 = Release|Any CPU
	EndGlobalSection
	GlobalSection(SolutionProperties) = preSolution
		HideSolutionNode = FALSE
	EndGlobalSection
	GlobalSection(NestedProjects) = preSolution
		{1AB2BB44-A645-4D50-9183-2C9622A3FC12} = {0AB3BF05-4346-4AA6-1389-037BE0695223}
		{190B602F-8818-49E4-A27A-C2D2CBB1D0D9} = {0AB3BF05-4346-4AA6-1389-037BE0695223}
		{07AAF5B1-0BE9-439B-B888-3CE67784F256} = {0AB3BF05-4346-4AA6-1389-037BE0695223}
		{D7DC9B74-6BC4-2470-2038-1E57C2DCB73B} = {0AB3BF05-4346-4AA6-1389-037BE0695223}
		{62317510-7714-4CD3-8405-815418DAC7EE} = {D7DC9B74-6BC4-2470-2038-1E57C2DCB73B}
		{8A97929D-744B-4035-8CA9-7B07A4563381} = {D7DC9B74-6BC4-2470-2038-1E57C2DCB73B}
		{3DCF2854-FF96-4D5E-B625-BA120CB35E84} = {D7DC9B74-6BC4-2470-2038-1E57C2DCB73B}
	EndGlobalSection
EndGlobal
